// !$*UTF8*$!
{
	archiveVersion = 1;
	classes = {
	};
	objectVersion = 50;
	objects = {

/* Begin PBXBuildFile section */
		976082B724B1C10C008BF085 /* CircleImageView.swift in Sources */ = {isa = PBXBuildFile; fileRef = 976082B624B1C10C008BF085 /* CircleImageView.swift */; };
		976082B924B1C420008BF085 /* AboutCoordinator.swift in Sources */ = {isa = PBXBuildFile; fileRef = 976082B824B1C420008BF085 /* AboutCoordinator.swift */; };
		976082BB24B1C46B008BF085 /* AboutViewModel.swift in Sources */ = {isa = PBXBuildFile; fileRef = 976082BA24B1C46B008BF085 /* AboutViewModel.swift */; };
		976082BE24B1D3EA008BF085 /* dummy.json in Resources */ = {isa = PBXBuildFile; fileRef = 976082BD24B1D3EA008BF085 /* dummy.json */; };
		976082C024B1D766008BF085 /* JsonUtils.swift in Sources */ = {isa = PBXBuildFile; fileRef = 976082BF24B1D766008BF085 /* JsonUtils.swift */; };
		976082C324B1E868008BF085 /* splashscreen.png in Resources */ = {isa = PBXBuildFile; fileRef = 976082C224B1E868008BF085 /* splashscreen.png */; };
		976082C524B1E87A008BF085 /* home.png in Resources */ = {isa = PBXBuildFile; fileRef = 976082C424B1E87A008BF085 /* home.png */; };
		976082C724B1E886008BF085 /* detail.png in Resources */ = {isa = PBXBuildFile; fileRef = 976082C624B1E886008BF085 /* detail.png */; };
		976082C924B1E893008BF085 /* profile.png in Resources */ = {isa = PBXBuildFile; fileRef = 976082C824B1E893008BF085 /* profile.png */; };
		976082CB24B1E8C8008BF085 /* README.md in Resources */ = {isa = PBXBuildFile; fileRef = 976082CA24B1E8C8008BF085 /* README.md */; };
		9769115D24B0687300F48564 /* AppDelegate.swift in Sources */ = {isa = PBXBuildFile; fileRef = 9769115C24B0687300F48564 /* AppDelegate.swift */; };
		9769116624B0687700F48564 /* Assets.xcassets in Resources */ = {isa = PBXBuildFile; fileRef = 9769116524B0687700F48564 /* Assets.xcassets */; };
		9769116924B0687700F48564 /* LaunchScreen.storyboard in Resources */ = {isa = PBXBuildFile; fileRef = 9769116724B0687700F48564 /* LaunchScreen.storyboard */; };
		9769117524B069AF00F48564 /* BaseCoordinator.swift in Sources */ = {isa = PBXBuildFile; fileRef = 9769117424B069AF00F48564 /* BaseCoordinator.swift */; };
		9769117724B069DE00F48564 /* AppCoordinator.swift in Sources */ = {isa = PBXBuildFile; fileRef = 9769117624B069DE00F48564 /* AppCoordinator.swift */; };
		9769117924B06AB900F48564 /* HomeCoordinator.swift in Sources */ = {isa = PBXBuildFile; fileRef = 9769117824B06AB900F48564 /* HomeCoordinator.swift */; };
		9769117C24B06FA500F48564 /* HomeVC.swift in Sources */ = {isa = PBXBuildFile; fileRef = 9769117A24B06FA500F48564 /* HomeVC.swift */; };
		9769117D24B06FA500F48564 /* HomeVC.xib in Resources */ = {isa = PBXBuildFile; fileRef = 9769117B24B06FA500F48564 /* HomeVC.xib */; };
		9769118D24B0B2F900F48564 /* HomeItemCell.swift in Sources */ = {isa = PBXBuildFile; fileRef = 9769118B24B0B2F900F48564 /* HomeItemCell.swift */; };
		9769118E24B0B2F900F48564 /* HomeItemCell.xib in Resources */ = {isa = PBXBuildFile; fileRef = 9769118C24B0B2F900F48564 /* HomeItemCell.xib */; };
		9769119024B0BF6100F48564 /* DataRepository.swift in Sources */ = {isa = PBXBuildFile; fileRef = 9769118F24B0BF6100F48564 /* DataRepository.swift */; };
		9769119324B0C0DD00F48564 /* TeamModel.swift in Sources */ = {isa = PBXBuildFile; fileRef = 9769119224B0C0DD00F48564 /* TeamModel.swift */; };
		9769119624B0C53900F48564 /* UIImageView+Extension.swift in Sources */ = {isa = PBXBuildFile; fileRef = 9769119524B0C53900F48564 /* UIImageView+Extension.swift */; };
		9769119924B0C5A100F48564 /* TeamDetailVC.swift in Sources */ = {isa = PBXBuildFile; fileRef = 9769119724B0C5A100F48564 /* TeamDetailVC.swift */; };
		9769119A24B0C5A100F48564 /* TeamDetailVC.xib in Resources */ = {isa = PBXBuildFile; fileRef = 9769119824B0C5A100F48564 /* TeamDetailVC.xib */; };
		9769119D24B0C5F700F48564 /* AboutVC.swift in Sources */ = {isa = PBXBuildFile; fileRef = 9769119B24B0C5F700F48564 /* AboutVC.swift */; };
		9769119E24B0C5F700F48564 /* AboutVC.xib in Resources */ = {isa = PBXBuildFile; fileRef = 9769119C24B0C5F700F48564 /* AboutVC.xib */; };
		976911A024B0C7CB00F48564 /* CardView.swift in Sources */ = {isa = PBXBuildFile; fileRef = 9769119F24B0C7CB00F48564 /* CardView.swift */; };
		976911A224B0D61700F48564 /* HomeViewModel.swift in Sources */ = {isa = PBXBuildFile; fileRef = 976911A124B0D61700F48564 /* HomeViewModel.swift */; };
		976911A424B0D63900F48564 /* DelegateView.swift in Sources */ = {isa = PBXBuildFile; fileRef = 976911A324B0D63900F48564 /* DelegateView.swift */; };
		976911A624B0DA5500F48564 /* DetailCoordinator.swift in Sources */ = {isa = PBXBuildFile; fileRef = 976911A524B0DA5500F48564 /* DetailCoordinator.swift */; };
		976911A824B0DBD600F48564 /* TeamDetailViewModel.swift in Sources */ = {isa = PBXBuildFile; fileRef = 976911A724B0DBD600F48564 /* TeamDetailViewModel.swift */; };
/* End PBXBuildFile section */

/* Begin PBXFileReference section */
		976082B624B1C10C008BF085 /* CircleImageView.swift */ = {isa = PBXFileReference; lastKnownFileType = sourcecode.swift; path = CircleImageView.swift; sourceTree = "<group>"; };
		976082B824B1C420008BF085 /* AboutCoordinator.swift */ = {isa = PBXFileReference; lastKnownFileType = sourcecode.swift; path = AboutCoordinator.swift; sourceTree = "<group>"; };
		976082BA24B1C46B008BF085 /* AboutViewModel.swift */ = {isa = PBXFileReference; lastKnownFileType = sourcecode.swift; path = AboutViewModel.swift; sourceTree = "<group>"; };
		976082BD24B1D3EA008BF085 /* dummy.json */ = {isa = PBXFileReference; lastKnownFileType = text.json; path = dummy.json; sourceTree = "<group>"; };
		976082BF24B1D766008BF085 /* JsonUtils.swift */ = {isa = PBXFileReference; lastKnownFileType = sourcecode.swift; path = JsonUtils.swift; sourceTree = "<group>"; };
		976082C224B1E868008BF085 /* splashscreen.png */ = {isa = PBXFileReference; lastKnownFileType = image.png; path = splashscreen.png; sourceTree = "<group>"; };
		976082C424B1E87A008BF085 /* home.png */ = {isa = PBXFileReference; lastKnownFileType = image.png; path = home.png; sourceTree = "<group>"; };
		976082C624B1E886008BF085 /* detail.png */ = {isa = PBXFileReference; lastKnownFileType = image.png; path = detail.png; sourceTree = "<group>"; };
		976082C824B1E893008BF085 /* profile.png */ = {isa = PBXFileReference; lastKnownFileType = image.png; path = profile.png; sourceTree = "<group>"; };
		976082CA24B1E8C8008BF085 /* README.md */ = {isa = PBXFileReference; lastKnownFileType = net.daringfireball.markdown; path = README.md; sourceTree = "<group>"; };
		9769115924B0687300F48564 /* football-app.app */ = {isa = PBXFileReference; explicitFileType = wrapper.application; includeInIndex = 0; path = "football-app.app"; sourceTree = BUILT_PRODUCTS_DIR; };
		9769115C24B0687300F48564 /* AppDelegate.swift */ = {isa = PBXFileReference; lastKnownFileType = sourcecode.swift; path = AppDelegate.swift; sourceTree = "<group>"; };
		9769116524B0687700F48564 /* Assets.xcassets */ = {isa = PBXFileReference; lastKnownFileType = folder.assetcatalog; path = Assets.xcassets; sourceTree = "<group>"; };
		9769116824B0687700F48564 /* Base */ = {isa = PBXFileReference; lastKnownFileType = file.storyboard; name = Base; path = Base.lproj/LaunchScreen.storyboard; sourceTree = "<group>"; };
		9769116A24B0687700F48564 /* Info.plist */ = {isa = PBXFileReference; lastKnownFileType = text.plist.xml; path = Info.plist; sourceTree = "<group>"; };
		9769117424B069AF00F48564 /* BaseCoordinator.swift */ = {isa = PBXFileReference; lastKnownFileType = sourcecode.swift; path = BaseCoordinator.swift; sourceTree = "<group>"; };
		9769117624B069DE00F48564 /* AppCoordinator.swift */ = {isa = PBXFileReference; lastKnownFileType = sourcecode.swift; path = AppCoordinator.swift; sourceTree = "<group>"; };
		9769117824B06AB900F48564 /* HomeCoordinator.swift */ = {isa = PBXFileReference; lastKnownFileType = sourcecode.swift; path = HomeCoordinator.swift; sourceTree = "<group>"; };
		9769117A24B06FA500F48564 /* HomeVC.swift */ = {isa = PBXFileReference; lastKnownFileType = sourcecode.swift; path = HomeVC.swift; sourceTree = "<group>"; };
		9769117B24B06FA500F48564 /* HomeVC.xib */ = {isa = PBXFileReference; lastKnownFileType = file.xib; path = HomeVC.xib; sourceTree = "<group>"; };
		9769118B24B0B2F900F48564 /* HomeItemCell.swift */ = {isa = PBXFileReference; lastKnownFileType = sourcecode.swift; path = HomeItemCell.swift; sourceTree = "<group>"; };
		9769118C24B0B2F900F48564 /* HomeItemCell.xib */ = {isa = PBXFileReference; lastKnownFileType = file.xib; path = HomeItemCell.xib; sourceTree = "<group>"; };
		9769118F24B0BF6100F48564 /* DataRepository.swift */ = {isa = PBXFileReference; lastKnownFileType = sourcecode.swift; path = DataRepository.swift; sourceTree = "<group>"; };
		9769119224B0C0DD00F48564 /* TeamModel.swift */ = {isa = PBXFileReference; lastKnownFileType = sourcecode.swift; path = TeamModel.swift; sourceTree = "<group>"; };
		9769119524B0C53900F48564 /* UIImageView+Extension.swift */ = {isa = PBXFileReference; lastKnownFileType = sourcecode.swift; path = "UIImageView+Extension.swift"; sourceTree = "<group>"; };
		9769119724B0C5A100F48564 /* TeamDetailVC.swift */ = {isa = PBXFileReference; lastKnownFileType = sourcecode.swift; path = TeamDetailVC.swift; sourceTree = "<group>"; };
		9769119824B0C5A100F48564 /* TeamDetailVC.xib */ = {isa = PBXFileReference; lastKnownFileType = file.xib; path = TeamDetailVC.xib; sourceTree = "<group>"; };
		9769119B24B0C5F700F48564 /* AboutVC.swift */ = {isa = PBXFileReference; lastKnownFileType = sourcecode.swift; path = AboutVC.swift; sourceTree = "<group>"; };
		9769119C24B0C5F700F48564 /* AboutVC.xib */ = {isa = PBXFileReference; lastKnownFileType = file.xib; path = AboutVC.xib; sourceTree = "<group>"; };
		9769119F24B0C7CB00F48564 /* CardView.swift */ = {isa = PBXFileReference; lastKnownFileType = sourcecode.swift; path = CardView.swift; sourceTree = "<group>"; };
		976911A124B0D61700F48564 /* HomeViewModel.swift */ = {isa = PBXFileReference; lastKnownFileType = sourcecode.swift; path = HomeViewModel.swift; sourceTree = "<group>"; };
		976911A324B0D63900F48564 /* DelegateView.swift */ = {isa = PBXFileReference; lastKnownFileType = sourcecode.swift; path = DelegateView.swift; sourceTree = "<group>"; };
		976911A524B0DA5500F48564 /* DetailCoordinator.swift */ = {isa = PBXFileReference; lastKnownFileType = sourcecode.swift; path = DetailCoordinator.swift; sourceTree = "<group>"; };
		976911A724B0DBD600F48564 /* TeamDetailViewModel.swift */ = {isa = PBXFileReference; lastKnownFileType = sourcecode.swift; path = TeamDetailViewModel.swift; sourceTree = "<group>"; };
/* End PBXFileReference section */

/* Begin PBXFrameworksBuildPhase section */
		9769115624B0687300F48564 /* Frameworks */ = {
			isa = PBXFrameworksBuildPhase;
			buildActionMask = 2147483647;
			files = (
			);
			runOnlyForDeploymentPostprocessing = 0;
		};
/* End PBXFrameworksBuildPhase section */

/* Begin PBXGroup section */
		976082C124B1E846008BF085 /* Preview */ = {
			isa = PBXGroup;
			children = (
				976082C224B1E868008BF085 /* splashscreen.png */,
				976082C424B1E87A008BF085 /* home.png */,
				976082C624B1E886008BF085 /* detail.png */,
				976082C824B1E893008BF085 /* profile.png */,
			);
			path = Preview;
			sourceTree = "<group>";
		};
		9769115024B0687300F48564 = {
			isa = PBXGroup;
			children = (
				9769115B24B0687300F48564 /* football-app */,
				976082C124B1E846008BF085 /* Preview */,
				9769115A24B0687300F48564 /* Products */,
				976082CA24B1E8C8008BF085 /* README.md */,
			);
			sourceTree = "<group>";
		};
		9769115A24B0687300F48564 /* Products */ = {
			isa = PBXGroup;
			children = (
				9769115924B0687300F48564 /* football-app.app */,
			);
			name = Products;
			sourceTree = "<group>";
		};
		9769115B24B0687300F48564 /* football-app */ = {
			isa = PBXGroup;
			children = (
				9769117024B068D000F48564 /* Core */,
				9769119124B0C0CE00F48564 /* Model */,
				9769118524B0B22D00F48564 /* Repository */,
				9769117124B068E900F48564 /* Features */,
				9769116524B0687700F48564 /* Assets.xcassets */,
				9769116A24B0687700F48564 /* Info.plist */,
				976082BD24B1D3EA008BF085 /* dummy.json */,
			);
			path = "football-app";
			sourceTree = "<group>";
		};
		9769117024B068D000F48564 /* Core */ = {
			isa = PBXGroup;
			children = (
				9769117324B0698D00F48564 /* Base */,
				9769119424B0C52400F48564 /* Utils */,
				9769116724B0687700F48564 /* LaunchScreen.storyboard */,
				9769117624B069DE00F48564 /* AppCoordinator.swift */,
				9769115C24B0687300F48564 /* AppDelegate.swift */,
			);
			path = Core;
			sourceTree = "<group>";
		};
		9769117124B068E900F48564 /* Features */ = {
			isa = PBXGroup;
			children = (
				9769118124B0B1EB00F48564 /* About */,
				9769118224B0B1F600F48564 /* Detail */,
				9769118024B0B1E500F48564 /* Home */,
			);
			path = Features;
			sourceTree = "<group>";
		};
		9769117224B0698400F48564 /* Coordinator */ = {
			isa = PBXGroup;
			children = (
				9769117824B06AB900F48564 /* HomeCoordinator.swift */,
			);
			path = Coordinator;
			sourceTree = "<group>";
		};
		9769117324B0698D00F48564 /* Base */ = {
			isa = PBXGroup;
			children = (
				9769117424B069AF00F48564 /* BaseCoordinator.swift */,
			);
			path = Base;
			sourceTree = "<group>";
		};
		9769117E24B0B1BD00F48564 /* View */ = {
			isa = PBXGroup;
			children = (
				9769118A24B0B2DB00F48564 /* Cell */,
				9769117A24B06FA500F48564 /* HomeVC.swift */,
				9769117B24B06FA500F48564 /* HomeVC.xib */,
			);
			path = View;
			sourceTree = "<group>";
		};
		9769117F24B0B1D200F48564 /* ViewModel */ = {
			isa = PBXGroup;
			children = (
				976911A124B0D61700F48564 /* HomeViewModel.swift */,
			);
			path = ViewModel;
			sourceTree = "<group>";
		};
		9769118024B0B1E500F48564 /* Home */ = {
			isa = PBXGroup;
			children = (
				9769117224B0698400F48564 /* Coordinator */,
				9769117E24B0B1BD00F48564 /* View */,
				9769117F24B0B1D200F48564 /* ViewModel */,
			);
			path = Home;
			sourceTree = "<group>";
		};
		9769118124B0B1EB00F48564 /* About */ = {
			isa = PBXGroup;
			children = (
				9769118324B0B20700F48564 /* Coordinator */,
				9769118424B0B20D00F48564 /* View */,
				9769118824B0B2B800F48564 /* ViewModel */,
			);
			path = About;
			sourceTree = "<group>";
		};
		9769118224B0B1F600F48564 /* Detail */ = {
			isa = PBXGroup;
			children = (
				9769118624B0B25B00F48564 /* Coordinator */,
				9769118724B0B26400F48564 /* View */,
				9769118924B0B2C100F48564 /* ViewModel */,
			);
			path = Detail;
			sourceTree = "<group>";
		};
		9769118324B0B20700F48564 /* Coordinator */ = {
			isa = PBXGroup;
			children = (
				976082B824B1C420008BF085 /* AboutCoordinator.swift */,
			);
			path = Coordinator;
			sourceTree = "<group>";
		};
		9769118424B0B20D00F48564 /* View */ = {
			isa = PBXGroup;
			children = (
				9769119B24B0C5F700F48564 /* AboutVC.swift */,
				9769119C24B0C5F700F48564 /* AboutVC.xib */,
			);
			path = View;
			sourceTree = "<group>";
		};
		9769118524B0B22D00F48564 /* Repository */ = {
			isa = PBXGroup;
			children = (
				9769118F24B0BF6100F48564 /* DataRepository.swift */,
			);
			path = Repository;
			sourceTree = "<group>";
		};
		9769118624B0B25B00F48564 /* Coordinator */ = {
			isa = PBXGroup;
			children = (
				976911A524B0DA5500F48564 /* DetailCoordinator.swift */,
			);
			path = Coordinator;
			sourceTree = "<group>";
		};
		9769118724B0B26400F48564 /* View */ = {
			isa = PBXGroup;
			children = (
				9769119724B0C5A100F48564 /* TeamDetailVC.swift */,
				9769119824B0C5A100F48564 /* TeamDetailVC.xib */,
			);
			path = View;
			sourceTree = "<group>";
		};
		9769118824B0B2B800F48564 /* ViewModel */ = {
			isa = PBXGroup;
			children = (
				976082BA24B1C46B008BF085 /* AboutViewModel.swift */,
			);
			path = ViewModel;
			sourceTree = "<group>";
		};
		9769118924B0B2C100F48564 /* ViewModel */ = {
			isa = PBXGroup;
			children = (
				976911A724B0DBD600F48564 /* TeamDetailViewModel.swift */,
			);
			path = ViewModel;
			sourceTree = "<group>";
		};
		9769118A24B0B2DB00F48564 /* Cell */ = {
			isa = PBXGroup;
			children = (
				9769118B24B0B2F900F48564 /* HomeItemCell.swift */,
				9769118C24B0B2F900F48564 /* HomeItemCell.xib */,
			);
			path = Cell;
			sourceTree = "<group>";
		};
		9769119124B0C0CE00F48564 /* Model */ = {
			isa = PBXGroup;
			children = (
				9769119224B0C0DD00F48564 /* TeamModel.swift */,
			);
			path = Model;
			sourceTree = "<group>";
		};
		9769119424B0C52400F48564 /* Utils */ = {
			isa = PBXGroup;
			children = (
				9769119524B0C53900F48564 /* UIImageView+Extension.swift */,
				9769119F24B0C7CB00F48564 /* CardView.swift */,
				976911A324B0D63900F48564 /* DelegateView.swift */,
				976082B624B1C10C008BF085 /* CircleImageView.swift */,
				976082BF24B1D766008BF085 /* JsonUtils.swift */,
			);
			path = Utils;
			sourceTree = "<group>";
		};
/* End PBXGroup section */

/* Begin PBXNativeTarget section */
		9769115824B0687300F48564 /* football-app */ = {
			isa = PBXNativeTarget;
			buildConfigurationList = 9769116D24B0687700F48564 /* Build configuration list for PBXNativeTarget "football-app" */;
			buildPhases = (
				9769115524B0687300F48564 /* Sources */,
				9769115624B0687300F48564 /* Frameworks */,
				9769115724B0687300F48564 /* Resources */,
			);
			buildRules = (
			);
			dependencies = (
			);
			name = "football-app";
			productName = "football-app";
			productReference = 9769115924B0687300F48564 /* football-app.app */;
			productType = "com.apple.product-type.application";
		};
/* End PBXNativeTarget section */

/* Begin PBXProject section */
		9769115124B0687300F48564 /* Project object */ = {
			isa = PBXProject;
			attributes = {
				LastSwiftUpdateCheck = 1150;
				LastUpgradeCheck = 1150;
				ORGANIZATIONNAME = "Yovi Eka Putra";
				TargetAttributes = {
					9769115824B0687300F48564 = {
						CreatedOnToolsVersion = 11.5;
					};
				};
			};
			buildConfigurationList = 9769115424B0687300F48564 /* Build configuration list for PBXProject "football-app" */;
			compatibilityVersion = "Xcode 9.3";
			developmentRegion = en;
			hasScannedForEncodings = 0;
			knownRegions = (
				en,
				Base,
			);
			mainGroup = 9769115024B0687300F48564;
			productRefGroup = 9769115A24B0687300F48564 /* Products */;
			projectDirPath = "";
			projectRoot = "";
			targets = (
				9769115824B0687300F48564 /* football-app */,
			);
		};
/* End PBXProject section */

/* Begin PBXResourcesBuildPhase section */
		9769115724B0687300F48564 /* Resources */ = {
			isa = PBXResourcesBuildPhase;
			buildActionMask = 2147483647;
			files = (
				9769116924B0687700F48564 /* LaunchScreen.storyboard in Resources */,
				976082C924B1E893008BF085 /* profile.png in Resources */,
				9769118E24B0B2F900F48564 /* HomeItemCell.xib in Resources */,
				9769117D24B06FA500F48564 /* HomeVC.xib in Resources */,
				9769116624B0687700F48564 /* Assets.xcassets in Resources */,
				976082C324B1E868008BF085 /* splashscreen.png in Resources */,
				976082CB24B1E8C8008BF085 /* README.md in Resources */,
				9769119E24B0C5F700F48564 /* AboutVC.xib in Resources */,
				976082BE24B1D3EA008BF085 /* dummy.json in Resources */,
				976082C524B1E87A008BF085 /* home.png in Resources */,
				976082C724B1E886008BF085 /* detail.png in Resources */,
				9769119A24B0C5A100F48564 /* TeamDetailVC.xib in Resources */,
			);
			runOnlyForDeploymentPostprocessing = 0;
		};
/* End PBXResourcesBuildPhase section */

/* Begin PBXSourcesBuildPhase section */
		9769115524B0687300F48564 /* Sources */ = {
			isa = PBXSourcesBuildPhase;
			buildActionMask = 2147483647;
			files = (
				9769119924B0C5A100F48564 /* TeamDetailVC.swift in Sources */,
				9769117C24B06FA500F48564 /* HomeVC.swift in Sources */,
				976082BB24B1C46B008BF085 /* AboutViewModel.swift in Sources */,
				9769115D24B0687300F48564 /* AppDelegate.swift in Sources */,
				976911A624B0DA5500F48564 /* DetailCoordinator.swift in Sources */,
				9769117724B069DE00F48564 /* AppCoordinator.swift in Sources */,
				9769119624B0C53900F48564 /* UIImageView+Extension.swift in Sources */,
				9769118D24B0B2F900F48564 /* HomeItemCell.swift in Sources */,
				9769119324B0C0DD00F48564 /* TeamModel.swift in Sources */,
				976082B724B1C10C008BF085 /* CircleImageView.swift in Sources */,
				9769117524B069AF00F48564 /* BaseCoordinator.swift in Sources */,
				976911A224B0D61700F48564 /* HomeViewModel.swift in Sources */,
				976911A824B0DBD600F48564 /* TeamDetailViewModel.swift in Sources */,
				976082B924B1C420008BF085 /* AboutCoordinator.swift in Sources */,
				9769117924B06AB900F48564 /* HomeCoordinator.swift in Sources */,
				9769119D24B0C5F700F48564 /* AboutVC.swift in Sources */,
				976911A424B0D63900F48564 /* DelegateView.swift in Sources */,
				976082C024B1D766008BF085 /* JsonUtils.swift in Sources */,
				976911A024B0C7CB00F48564 /* CardView.swift in Sources */,
				9769119024B0BF6100F48564 /* DataRepository.swift in Sources */,
			);
			runOnlyForDeploymentPostprocessing = 0;
		};
/* End PBXSourcesBuildPhase section */

/* Begin PBXVariantGroup section */
		9769116724B0687700F48564 /* LaunchScreen.storyboard */ = {
			isa = PBXVariantGroup;
			children = (
				9769116824B0687700F48564 /* Base */,
			);
			name = LaunchScreen.storyboard;
			sourceTree = "<group>";
		};
/* End PBXVariantGroup section */

/* Begin XCBuildConfiguration section */
		9769116B24B0687700F48564 /* Debug */ = {
			isa = XCBuildConfiguration;
			buildSettings = {
				ALWAYS_SEARCH_USER_PATHS = NO;
				CLANG_ANALYZER_NONNULL = YES;
				CLANG_ANALYZER_NUMBER_OBJECT_CONVERSION = YES_AGGRESSIVE;
				CLANG_CXX_LANGUAGE_STANDARD = "gnu++14";
				CLANG_CXX_LIBRARY = "libc++";
				CLANG_ENABLE_MODULES = YES;
				CLANG_ENABLE_OBJC_ARC = YES;
				CLANG_ENABLE_OBJC_WEAK = YES;
				CLANG_WARN_BLOCK_CAPTURE_AUTORELEASING = YES;
				CLANG_WARN_BOOL_CONVERSION = YES;
				CLANG_WARN_COMMA = YES;
				CLANG_WARN_CONSTANT_CONVERSION = YES;
				CLANG_WARN_DEPRECATED_OBJC_IMPLEMENTATIONS = YES;
				CLANG_WARN_DIRECT_OBJC_ISA_USAGE = YES_ERROR;
				CLANG_WARN_DOCUMENTATION_COMMENTS = YES;
				CLANG_WARN_EMPTY_BODY = YES;
				CLANG_WARN_ENUM_CONVERSION = YES;
				CLANG_WARN_INFINITE_RECURSION = YES;
				CLANG_WARN_INT_CONVERSION = YES;
				CLANG_WARN_NON_LITERAL_NULL_CONVERSION = YES;
				CLANG_WARN_OBJC_IMPLICIT_RETAIN_SELF = YES;
				CLANG_WARN_OBJC_LITERAL_CONVERSION = YES;
				CLANG_WARN_OBJC_ROOT_CLASS = YES_ERROR;
				CLANG_WARN_RANGE_LOOP_ANALYSIS = YES;
				CLANG_WARN_STRICT_PROTOTYPES = YES;
				CLANG_WARN_SUSPICIOUS_MOVE = YES;
				CLANG_WARN_UNGUARDED_AVAILABILITY = YES_AGGRESSIVE;
				CLANG_WARN_UNREACHABLE_CODE = YES;
				CLANG_WARN__DUPLICATE_METHOD_MATCH = YES;
				COPY_PHASE_STRIP = NO;
				DEBUG_INFORMATION_FORMAT = dwarf;
				ENABLE_STRICT_OBJC_MSGSEND = YES;
				ENABLE_TESTABILITY = YES;
				GCC_C_LANGUAGE_STANDARD = gnu11;
				GCC_DYNAMIC_NO_PIC = NO;
				GCC_NO_COMMON_BLOCKS = YES;
				GCC_OPTIMIZATION_LEVEL = 0;
				GCC_PREPROCESSOR_DEFINITIONS = (
					"DEBUG=1",
					"$(inherited)",
				);
				GCC_WARN_64_TO_32_BIT_CONVERSION = YES;
				GCC_WARN_ABOUT_RETURN_TYPE = YES_ERROR;
				GCC_WARN_UNDECLARED_SELECTOR = YES;
				GCC_WARN_UNINITIALIZED_AUTOS = YES_AGGRESSIVE;
				GCC_WARN_UNUSED_FUNCTION = YES;
				GCC_WARN_UNUSED_VARIABLE = YES;
				IPHONEOS_DEPLOYMENT_TARGET = 13.5;
				MTL_ENABLE_DEBUG_INFO = INCLUDE_SOURCE;
				MTL_FAST_MATH = YES;
				ONLY_ACTIVE_ARCH = YES;
				SDKROOT = iphoneos;
				SWIFT_ACTIVE_COMPILATION_CONDITIONS = DEBUG;
				SWIFT_OPTIMIZATION_LEVEL = "-Onone";
			};
			name = Debug;
		};
		9769116C24B0687700F48564 /* Release */ = {
			isa = XCBuildConfiguration;
			buildSettings = {
				ALWAYS_SEARCH_USER_PATHS = NO;
				CLANG_ANALYZER_NONNULL = YES;
				CLANG_ANALYZER_NUMBER_OBJECT_CONVERSION = YES_AGGRESSIVE;
				CLANG_CXX_LANGUAGE_STANDARD = "gnu++14";
				CLANG_CXX_LIBRARY = "libc++";
				CLANG_ENABLE_MODULES = YES;
				CLANG_ENABLE_OBJC_ARC = YES;
				CLANG_ENABLE_OBJC_WEAK = YES;
				CLANG_WARN_BLOCK_CAPTURE_AUTORELEASING = YES;
				CLANG_WARN_BOOL_CONVERSION = YES;
				CLANG_WARN_COMMA = YES;
				CLANG_WARN_CONSTANT_CONVERSION = YES;
				CLANG_WARN_DEPRECATED_OBJC_IMPLEMENTATIONS = YES;
				CLANG_WARN_DIRECT_OBJC_ISA_USAGE = YES_ERROR;
				CLANG_WARN_DOCUMENTATION_COMMENTS = YES;
				CLANG_WARN_EMPTY_BODY = YES;
				CLANG_WARN_ENUM_CONVERSION = YES;
				CLANG_WARN_INFINITE_RECURSION = YES;
				CLANG_WARN_INT_CONVERSION = YES;
				CLANG_WARN_NON_LITERAL_NULL_CONVERSION = YES;
				CLANG_WARN_OBJC_IMPLICIT_RETAIN_SELF = YES;
				CLANG_WARN_OBJC_LITERAL_CONVERSION = YES;
				CLANG_WARN_OBJC_ROOT_CLASS = YES_ERROR;
				CLANG_WARN_RANGE_LOOP_ANALYSIS = YES;
				CLANG_WARN_STRICT_PROTOTYPES = YES;
				CLANG_WARN_SUSPICIOUS_MOVE = YES;
				CLANG_WARN_UNGUARDED_AVAILABILITY = YES_AGGRESSIVE;
				CLANG_WARN_UNREACHABLE_CODE = YES;
				CLANG_WARN__DUPLICATE_METHOD_MATCH = YES;
				COPY_PHASE_STRIP = NO;
				DEBUG_INFORMATION_FORMAT = "dwarf-with-dsym";
				ENABLE_NS_ASSERTIONS = NO;
				ENABLE_STRICT_OBJC_MSGSEND = YES;
				GCC_C_LANGUAGE_STANDARD = gnu11;
				GCC_NO_COMMON_BLOCKS = YES;
				GCC_WARN_64_TO_32_BIT_CONVERSION = YES;
				GCC_WARN_ABOUT_RETURN_TYPE = YES_ERROR;
				GCC_WARN_UNDECLARED_SELECTOR = YES;
				GCC_WARN_UNINITIALIZED_AUTOS = YES_AGGRESSIVE;
				GCC_WARN_UNUSED_FUNCTION = YES;
				GCC_WARN_UNUSED_VARIABLE = YES;
				IPHONEOS_DEPLOYMENT_TARGET = 13.5;
				MTL_ENABLE_DEBUG_INFO = NO;
				MTL_FAST_MATH = YES;
				SDKROOT = iphoneos;
				SWIFT_COMPILATION_MODE = wholemodule;
				SWIFT_OPTIMIZATION_LEVEL = "-O";
				VALIDATE_PRODUCT = YES;
			};
			name = Release;
		};
		9769116E24B0687700F48564 /* Debug */ = {
			isa = XCBuildConfiguration;
			buildSettings = {
				ASSETCATALOG_COMPILER_APPICON_NAME = AppIcon;
				CODE_SIGN_STYLE = Automatic;
				DEVELOPMENT_TEAM = 2PHTT88YKB;
				INFOPLIST_FILE = "football-app/Info.plist";
				IPHONEOS_DEPLOYMENT_TARGET = 11.0;
				LD_RUNPATH_SEARCH_PATHS = (
					"$(inherited)",
					"@executable_path/Frameworks",
				);
				PRODUCT_BUNDLE_IDENTIFIER = "com.yoviputra.football-app";
				PRODUCT_NAME = "$(TARGET_NAME)";
				SWIFT_VERSION = 5.0;
				TARGETED_DEVICE_FAMILY = 1;
			};
			name = Debug;
		};
		9769116F24B0687700F48564 /* Release */ = {
			isa = XCBuildConfiguration;
			buildSettings = {
				ASSETCATALOG_COMPILER_APPICON_NAME = AppIcon;
				CODE_SIGN_STYLE = Automatic;
				DEVELOPMENT_TEAM = 2PHTT88YKB;
				INFOPLIST_FILE = "football-app/Info.plist";
				IPHONEOS_DEPLOYMENT_TARGET = 11.0;
				LD_RUNPATH_SEARCH_PATHS = (
					"$(inherited)",
					"@executable_path/Frameworks",
				);
				PRODUCT_BUNDLE_IDENTIFIER = "com.yoviputra.football-app";
				PRODUCT_NAME = "$(TARGET_NAME)";
				SWIFT_VERSION = 5.0;
				TARGETED_DEVICE_FAMILY = 1;
			};
			name = Release;
		};
/* End XCBuildConfiguration section */

/* Begin XCConfigurationList section */
		9769115424B0687300F48564 /* Build configuration list for PBXProject "football-app" */ = {
			isa = XCConfigurationList;
			buildConfigurations = (
				9769116B24B0687700F48564 /* Debug */,
				9769116C24B0687700F48564 /* Release */,
			);
			defaultConfigurationIsVisible = 0;
			defaultConfigurationName = Release;
		};
		9769116D24B0687700F48564 /* Build configuration list for PBXNativeTarget "football-app" */ = {
			isa = XCConfigurationList;
			buildConfigurations = (
				9769116E24B0687700F48564 /* Debug */,
				9769116F24B0687700F48564 /* Release */,
			);
			defaultConfigurationIsVisible = 0;
			defaultConfigurationName = Release;
		};
/* End XCConfigurationList section */
	};
	rootObject = 9769115124B0687300F48564 /* Project object */;
}
